
Microsoft Visual Studio Solution File, Format Version 12.00
# Visual Studio Version 17
VisualStudioVersion = 17.3.32929.385
MinimumVisualStudioVersion = 10.0.40219.1
Project("{FAE04EC0-301F-11D3-BF4B-00C04F79EFBC}") = "ASPJwtWebApi", "ASPJwtWebApi\ASPJwtWebApi.csproj", "{7E182D7C-D68C-4828-99C6-748EE2342DE1}"
EndProject
Global
	GlobalSection(SolutionConfigurationPlatforms) = preSolution
		Debug|Any CPU = Debug|Any CPU
		Release|Any CPU = Release|Any CPU
	EndGlobalSection
	GlobalSection(ProjectConfigurationPlatforms) = postSolution
		{7E182D7C-D68C-4828-99C6-748EE2342DE1}.Debug|Any CPU.ActiveCfg = Debug|Any CPU
		{7E182D7C-D68C-4828-99C6-748EE2342DE1}.Debug|Any CPU.Build.0 = Debug|Any CPU
		{7E182D7C-D68C-4828-99C6-748EE2342DE1}.Release|Any CPU.ActiveCfg = Release|Any CPU
		{7E182D7C-D68C-4828-99C6-748EE2342DE1}.Release|Any CPU.Build.0 = Release|Any CPU
	EndGlobalSection
	GlobalSection(SolutionProperties) = preSolution
		HideSolutionNode = FALSE
	EndGlobalSection
	GlobalSection(ExtensibilityGlobals) = postSolution
		SolutionGuid = {A836FF85-6597-49DB-BA20-1FBBC084D2B5}
	EndGlobalSection
EndGlobal
